
Microsoft Visual Studio Solution File, Format Version 12.00
# Visual Studio Version 16
VisualStudioVersion = 16.0.30002.166
MinimumVisualStudioVersion = 10.0.40219.1
Project("{FAE04EC0-301F-11D3-BF4B-00C04F79EFBC}") = "start_oop", "start_oop\start_oop.csproj", "{20E1E456-0782-47B2-A7F0-C430A5EEF887}"
EndProject
Project("{FAE04EC0-301F-11D3-BF4B-00C04F79EFBC}") = "OOP_2", "OOP_2\OOP_2.csproj", "{6D5E1EAA-A52D-4094-BA1A-793A2E8DB962}"
EndProject
Project("{FAE04EC0-301F-11D3-BF4B-00C04F79EFBC}") = "OOP_3", "OOP_3\OOP_3.csproj", "{06FD29C6-DFFB-4873-BCB1-70DF0A889EC7}"
EndProject
Project("{FAE04EC0-301F-11D3-BF4B-00C04F79EFBC}") = "Inheritance", "Inheritance\Inheritance.csproj", "{F9CAF380-4144-4C59-B82B-3BC0ACA69FE7}"
EndProject
Project("{FAE04EC0-301F-11D3-BF4B-00C04F79EFBC}") = "Inheritance1", "Inheritance1\Inheritance1.csproj", "{79A96313-7D80-4FEA-B495-24556C94F705}"
EndProject
Project("{FAE04EC0-301F-11D3-BF4B-00C04F79EFBC}") = "Polimorphism_pereopredelenie", "Polimorphism_pereopredelenie\Polimorphism_pereopredelenie.csproj", "{1EBBB8CD-EEE0-4C25-90D6-68B24546D863}"
EndProject
Project("{FAE04EC0-301F-11D3-BF4B-00C04F79EFBC}") = "Generalization", "Generalization\Generalization.csproj", "{C9350342-9BD6-4D72-A1EA-65962441DF56}"
EndProject
Project("{9A19103F-16F7-4668-BE54-9A1E7A4F7556}") = "Interface", "Interface\Interface.csproj", "{CE718F21-75D8-44E3-A3F5-971F9CD92AF6}"
EndProject
Project("{9A19103F-16F7-4668-BE54-9A1E7A4F7556}") = "Purse", "Interface2\Purse.csproj", "{DD332F85-F375-4CD5-9C48-D0A21B06B7F0}"
EndProject
Project("{9A19103F-16F7-4668-BE54-9A1E7A4F7556}") = "Bot_Badoo", "Bot_Badoo\Bot_Badoo.csproj", "{08F103D4-C412-4AFD-9CE7-C975A26552BD}"
EndProject
Project("{FAE04EC0-301F-11D3-BF4B-00C04F79EFBC}") = "bot2_proj", "..\..\..\Downloads\bot2\bot2\bot2\bot2_proj\bot2_proj.csproj", "{8F035179-6B42-4197-9E84-4D6038B87B0F}"
EndProject
Project("{FAE04EC0-301F-11D3-BF4B-00C04F79EFBC}") = "Enum", "Enum\Enum.csproj", "{61BBDBC9-50CC-46B8-83FF-66066ADCD194}"
EndProject
Project("{FAE04EC0-301F-11D3-BF4B-00C04F79EFBC}") = "Struct", "Struct\Struct.csproj", "{68CA560D-C0F0-4046-A037-C0086DEB0463}"
EndProject
Global
	GlobalSection(SolutionConfigurationPlatforms) = preSolution
		Debug|Any CPU = Debug|Any CPU
		Release|Any CPU = Release|Any CPU
	EndGlobalSection
	GlobalSection(ProjectConfigurationPlatforms) = postSolution
		{20E1E456-0782-47B2-A7F0-C430A5EEF887}.Debug|Any CPU.ActiveCfg = Debug|Any CPU
		{20E1E456-0782-47B2-A7F0-C430A5EEF887}.Debug|Any CPU.Build.0 = Debug|Any CPU
		{20E1E456-0782-47B2-A7F0-C430A5EEF887}.Release|Any CPU.ActiveCfg = Release|Any CPU
		{20E1E456-0782-47B2-A7F0-C430A5EEF887}.Release|Any CPU.Build.0 = Release|Any CPU
		{6D5E1EAA-A52D-4094-BA1A-793A2E8DB962}.Debug|Any CPU.ActiveCfg = Debug|Any CPU
		{6D5E1EAA-A52D-4094-BA1A-793A2E8DB962}.Debug|Any CPU.Build.0 = Debug|Any CPU
		{6D5E1EAA-A52D-4094-BA1A-793A2E8DB962}.Release|Any CPU.ActiveCfg = Release|Any CPU
		{6D5E1EAA-A52D-4094-BA1A-793A2E8DB962}.Release|Any CPU.Build.0 = Release|Any CPU
		{06FD29C6-DFFB-4873-BCB1-70DF0A889EC7}.Debug|Any CPU.ActiveCfg = Debug|Any CPU
		{06FD29C6-DFFB-4873-BCB1-70DF0A889EC7}.Debug|Any CPU.Build.0 = Debug|Any CPU
		{06FD29C6-DFFB-4873-BCB1-70DF0A889EC7}.Release|Any CPU.ActiveCfg = Release|Any CPU
		{06FD29C6-DFFB-4873-BCB1-70DF0A889EC7}.Release|Any CPU.Build.0 = Release|Any CPU
		{F9CAF380-4144-4C59-B82B-3BC0ACA69FE7}.Debug|Any CPU.ActiveCfg = Debug|Any CPU
		{F9CAF380-4144-4C59-B82B-3BC0ACA69FE7}.Debug|Any CPU.Build.0 = Debug|Any CPU
		{F9CAF380-4144-4C59-B82B-3BC0ACA69FE7}.Release|Any CPU.ActiveCfg = Release|Any CPU
		{F9CAF380-4144-4C59-B82B-3BC0ACA69FE7}.Release|Any CPU.Build.0 = Release|Any CPU
		{79A96313-7D80-4FEA-B495-24556C94F705}.Debug|Any CPU.ActiveCfg = Debug|Any CPU
		{79A96313-7D80-4FEA-B495-24556C94F705}.Debug|Any CPU.Build.0 = Debug|Any CPU
		{79A96313-7D80-4FEA-B495-24556C94F705}.Release|Any CPU.ActiveCfg = Release|Any CPU
		{79A96313-7D80-4FEA-B495-24556C94F705}.Release|Any CPU.Build.0 = Release|Any CPU
		{1EBBB8CD-EEE0-4C25-90D6-68B24546D863}.Debug|Any CPU.ActiveCfg = Debug|Any CPU
		{1EBBB8CD-EEE0-4C25-90D6-68B24546D863}.Debug|Any CPU.Build.0 = Debug|Any CPU
		{1EBBB8CD-EEE0-4C25-90D6-68B24546D863}.Release|Any CPU.ActiveCfg = Release|Any CPU
		{1EBBB8CD-EEE0-4C25-90D6-68B24546D863}.Release|Any CPU.Build.0 = Release|Any CPU
		{C9350342-9BD6-4D72-A1EA-65962441DF56}.Debug|Any CPU.ActiveCfg = Debug|Any CPU
		{C9350342-9BD6-4D72-A1EA-65962441DF56}.Debug|Any CPU.Build.0 = Debug|Any CPU
		{C9350342-9BD6-4D72-A1EA-65962441DF56}.Release|Any CPU.ActiveCfg = Release|Any CPU
		{C9350342-9BD6-4D72-A1EA-65962441DF56}.Release|Any CPU.Build.0 = Release|Any CPU
		{CE718F21-75D8-44E3-A3F5-971F9CD92AF6}.Debug|Any CPU.ActiveCfg = Debug|Any CPU
		{CE718F21-75D8-44E3-A3F5-971F9CD92AF6}.Debug|Any CPU.Build.0 = Debug|Any CPU
		{CE718F21-75D8-44E3-A3F5-971F9CD92AF6}.Release|Any CPU.ActiveCfg = Release|Any CPU
		{CE718F21-75D8-44E3-A3F5-971F9CD92AF6}.Release|Any CPU.Build.0 = Release|Any CPU
		{DD332F85-F375-4CD5-9C48-D0A21B06B7F0}.Debug|Any CPU.ActiveCfg = Debug|Any CPU
		{DD332F85-F375-4CD5-9C48-D0A21B06B7F0}.Debug|Any CPU.Build.0 = Debug|Any CPU
		{DD332F85-F375-4CD5-9C48-D0A21B06B7F0}.Release|Any CPU.ActiveCfg = Release|Any CPU
		{DD332F85-F375-4CD5-9C48-D0A21B06B7F0}.Release|Any CPU.Build.0 = Release|Any CPU
		{08F103D4-C412-4AFD-9CE7-C975A26552BD}.Debug|Any CPU.ActiveCfg = Debug|Any CPU
		{08F103D4-C412-4AFD-9CE7-C975A26552BD}.Debug|Any CPU.Build.0 = Debug|Any CPU
		{08F103D4-C412-4AFD-9CE7-C975A26552BD}.Release|Any CPU.ActiveCfg = Release|Any CPU
		{08F103D4-C412-4AFD-9CE7-C975A26552BD}.Release|Any CPU.Build.0 = Release|Any CPU
		{8F035179-6B42-4197-9E84-4D6038B87B0F}.Debug|Any CPU.ActiveCfg = Debug|Any CPU
		{8F035179-6B42-4197-9E84-4D6038B87B0F}.Debug|Any CPU.Build.0 = Debug|Any CPU
		{8F035179-6B42-4197-9E84-4D6038B87B0F}.Release|Any CPU.ActiveCfg = Release|Any CPU
		{8F035179-6B42-4197-9E84-4D6038B87B0F}.Release|Any CPU.Build.0 = Release|Any CPU
		{61BBDBC9-50CC-46B8-83FF-66066ADCD194}.Debug|Any CPU.ActiveCfg = Debug|Any CPU
		{61BBDBC9-50CC-46B8-83FF-66066ADCD194}.Debug|Any CPU.Build.0 = Debug|Any CPU
		{61BBDBC9-50CC-46B8-83FF-66066ADCD194}.Release|Any CPU.ActiveCfg = Release|Any CPU
		{61BBDBC9-50CC-46B8-83FF-66066ADCD194}.Release|Any CPU.Build.0 = Release|Any CPU
		{68CA560D-C0F0-4046-A037-C0086DEB0463}.Debug|Any CPU.ActiveCfg = Debug|Any CPU
		{68CA560D-C0F0-4046-A037-C0086DEB0463}.Debug|Any CPU.Build.0 = Debug|Any CPU
		{68CA560D-C0F0-4046-A037-C0086DEB0463}.Release|Any CPU.ActiveCfg = Release|Any CPU
		{68CA560D-C0F0-4046-A037-C0086DEB0463}.Release|Any CPU.Build.0 = Release|Any CPU
	EndGlobalSection
	GlobalSection(SolutionProperties) = preSolution
		HideSolutionNode = FALSE
	EndGlobalSection
	GlobalSection(ExtensibilityGlobals) = postSolution
		SolutionGuid = {B7F2C74E-6929-4733-BE6F-37F5208531BF}
	EndGlobalSection
EndGlobal
