
Microsoft Visual Studio Solution File, Format Version 12.00
# Visual Studio Version 16
VisualStudioVersion = 16.0.30002.166
MinimumVisualStudioVersion = 10.0.40219.1
Project("{FAE04EC0-301F-11D3-BF4B-00C04F79EFBC}") = "start_oop", "start_oop\start_oop.csproj", "{20E1E456-0782-47B2-A7F0-C430A5EEF887}"
EndProject
Project("{FAE04EC0-301F-11D3-BF4B-00C04F79EFBC}") = "OOP_2", "OOP_2\OOP_2.csproj", "{6D5E1EAA-A52D-4094-BA1A-793A2E8DB962}"
EndProject
Project("{FAE04EC0-301F-11D3-BF4B-00C04F79EFBC}") = "OOP_3", "OOP_3\OOP_3.csproj", "{06FD29C6-DFFB-4873-BCB1-70DF0A889EC7}"
EndProject
Project("{FAE04EC0-301F-11D3-BF4B-00C04F79EFBC}") = "Inheritance", "Inheritance\Inheritance.csproj", "{F9CAF380-4144-4C59-B82B-3BC0ACA69FE7}"
EndProject
Project("{FAE04EC0-301F-11D3-BF4B-00C04F79EFBC}") = "Inheritance1", "Inheritance1\Inheritance1.csproj", "{79A96313-7D80-4FEA-B495-24556C94F705}"
EndProject
Global
	GlobalSection(SolutionConfigurationPlatforms) = preSolution
		Debug|Any CPU = Debug|Any CPU
		Release|Any CPU = Release|Any CPU
	EndGlobalSection
	GlobalSection(ProjectConfigurationPlatforms) = postSolution
		{20E1E456-0782-47B2-A7F0-C430A5EEF887}.Debug|Any CPU.ActiveCfg = Debug|Any CPU
		{20E1E456-0782-47B2-A7F0-C430A5EEF887}.Debug|Any CPU.Build.0 = Debug|Any CPU
		{20E1E456-0782-47B2-A7F0-C430A5EEF887}.Release|Any CPU.ActiveCfg = Release|Any CPU
		{20E1E456-0782-47B2-A7F0-C430A5EEF887}.Release|Any CPU.Build.0 = Release|Any CPU
		{6D5E1EAA-A52D-4094-BA1A-793A2E8DB962}.Debug|Any CPU.ActiveCfg = Debug|Any CPU
		{6D5E1EAA-A52D-4094-BA1A-793A2E8DB962}.Debug|Any CPU.Build.0 = Debug|Any CPU
		{6D5E1EAA-A52D-4094-BA1A-793A2E8DB962}.Release|Any CPU.ActiveCfg = Release|Any CPU
		{6D5E1EAA-A52D-4094-BA1A-793A2E8DB962}.Release|Any CPU.Build.0 = Release|Any CPU
		{06FD29C6-DFFB-4873-BCB1-70DF0A889EC7}.Debug|Any CPU.ActiveCfg = Debug|Any CPU
		{06FD29C6-DFFB-4873-BCB1-70DF0A889EC7}.Debug|Any CPU.Build.0 = Debug|Any CPU
		{06FD29C6-DFFB-4873-BCB1-70DF0A889EC7}.Release|Any CPU.ActiveCfg = Release|Any CPU
		{06FD29C6-DFFB-4873-BCB1-70DF0A889EC7}.Release|Any CPU.Build.0 = Release|Any CPU
		{F9CAF380-4144-4C59-B82B-3BC0ACA69FE7}.Debug|Any CPU.ActiveCfg = Debug|Any CPU
		{F9CAF380-4144-4C59-B82B-3BC0ACA69FE7}.Debug|Any CPU.Build.0 = Debug|Any CPU
		{F9CAF380-4144-4C59-B82B-3BC0ACA69FE7}.Release|Any CPU.ActiveCfg = Release|Any CPU
		{F9CAF380-4144-4C59-B82B-3BC0ACA69FE7}.Release|Any CPU.Build.0 = Release|Any CPU
		{79A96313-7D80-4FEA-B495-24556C94F705}.Debug|Any CPU.ActiveCfg = Debug|Any CPU
		{79A96313-7D80-4FEA-B495-24556C94F705}.Debug|Any CPU.Build.0 = Debug|Any CPU
		{79A96313-7D80-4FEA-B495-24556C94F705}.Release|Any CPU.ActiveCfg = Release|Any CPU
		{79A96313-7D80-4FEA-B495-24556C94F705}.Release|Any CPU.Build.0 = Release|Any CPU
	EndGlobalSection
	GlobalSection(SolutionProperties) = preSolution
		HideSolutionNode = FALSE
	EndGlobalSection
	GlobalSection(ExtensibilityGlobals) = postSolution
		SolutionGuid = {B7F2C74E-6929-4733-BE6F-37F5208531BF}
	EndGlobalSection
EndGlobal
